// !$*UTF8*$!
{
	archiveVersion = 1;
	classes = {
	};
	objectVersion = 51;
	objects = {

/* Begin PBXBuildFile section */
		225528ABF036F33A0FF2DB78 /* Pods_Code_Search.framework in Frameworks */ = {isa = PBXBuildFile; fileRef = 7D2730445D985045DFF465C1 /* Pods_Code_Search.framework */; };
		244FA1EF26411AA800F02660 /* ContentTableViewCell.swift in Sources */ = {isa = PBXBuildFile; fileRef = 244FA1ED26411AA800F02660 /* ContentTableViewCell.swift */; };
		244FA1F026411AA800F02660 /* ContentTableViewCell.xib in Resources */ = {isa = PBXBuildFile; fileRef = 244FA1EE26411AA800F02660 /* ContentTableViewCell.xib */; };
		248F05FC2636C8B80025D34B /* CameraView.swift in Sources */ = {isa = PBXBuildFile; fileRef = 248F05FB2636C8B80025D34B /* CameraView.swift */; };
		24A647CE26365528002D2BC2 /* AppDelegate.swift in Sources */ = {isa = PBXBuildFile; fileRef = 24A647CD26365528002D2BC2 /* AppDelegate.swift */; };
		24A647D226365528002D2BC2 /* ViewController.swift in Sources */ = {isa = PBXBuildFile; fileRef = 24A647D126365528002D2BC2 /* ViewController.swift */; };
		24A647D526365528002D2BC2 /* Main.storyboard in Resources */ = {isa = PBXBuildFile; fileRef = 24A647D326365528002D2BC2 /* Main.storyboard */; };
		24A647D726365529002D2BC2 /* Assets.xcassets in Resources */ = {isa = PBXBuildFile; fileRef = 24A647D626365529002D2BC2 /* Assets.xcassets */; };
		24A647DA26365529002D2BC2 /* LaunchScreen.storyboard in Resources */ = {isa = PBXBuildFile; fileRef = 24A647D826365529002D2BC2 /* LaunchScreen.storyboard */; };
		9A2030C8265780B6003559E1 /* QRBarcodeLib.framework in Frameworks */ = {isa = PBXBuildFile; fileRef = 9AFEBB0726577D5F003B2D18 /* QRBarcodeLib.framework */; };
		9A2030C9265780B6003559E1 /* QRBarcodeLib.framework in Embed Frameworks */ = {isa = PBXBuildFile; fileRef = 9AFEBB0726577D5F003B2D18 /* QRBarcodeLib.framework */; settings = {ATTRIBUTES = (CodeSignOnCopy, RemoveHeadersOnCopy, ); }; };
		9A2030D12657842E003559E1 /* BarcodeCoreData.xcdatamodeld in Sources */ = {isa = PBXBuildFile; fileRef = 9A2030CF2657842E003559E1 /* BarcodeCoreData.xcdatamodeld */; };
		9A2030D326578460003559E1 /* BarcodeCoreDataHelper.swift in Sources */ = {isa = PBXBuildFile; fileRef = 9A2030D226578460003559E1 /* BarcodeCoreDataHelper.swift */; };
		9A2030D526579B2C003559E1 /* BarcodeModel.swift in Sources */ = {isa = PBXBuildFile; fileRef = 9A2030D426579B2C003559E1 /* BarcodeModel.swift */; };
		9A3904F62653A5FF00F7D338 /* MenuView.xib in Resources */ = {isa = PBXBuildFile; fileRef = 9A3904F42653A5FF00F7D338 /* MenuView.xib */; };
		9A3904F72653A5FF00F7D338 /* MenuView.swift in Sources */ = {isa = PBXBuildFile; fileRef = 9A3904F52653A5FF00F7D338 /* MenuView.swift */; };
		9A3904FA2653BD1800F7D338 /* MenuViewController.xib in Resources */ = {isa = PBXBuildFile; fileRef = 9A3904F82653BD1800F7D338 /* MenuViewController.xib */; };
		9A3904FB2653BD1800F7D338 /* MenuViewController.swift in Sources */ = {isa = PBXBuildFile; fileRef = 9A3904F92653BD1800F7D338 /* MenuViewController.swift */; };
		9AB97716265CC03B0037B01F /* CodeDetector.swift in Sources */ = {isa = PBXBuildFile; fileRef = 9AB97715265CC03B0037B01F /* CodeDetector.swift */; };
		9AE6225626525A2F00246744 /* MainTabBarController.swift in Sources */ = {isa = PBXBuildFile; fileRef = 9AE6225526525A2F00246744 /* MainTabBarController.swift */; };
		9AE622582652714200246744 /* HistoryViewController.swift in Sources */ = {isa = PBXBuildFile; fileRef = 9AE622572652714200246744 /* HistoryViewController.swift */; };
		9AE6225A2652714D00246744 /* ReadViewController.swift in Sources */ = {isa = PBXBuildFile; fileRef = 9AE622592652714D00246744 /* ReadViewController.swift */; };
		9AE6225D2652763400246744 /* AboutAppViewController.xib in Resources */ = {isa = PBXBuildFile; fileRef = 9AE6225B2652763300246744 /* AboutAppViewController.xib */; };
		9AE6225E2652763400246744 /* AboutAppViewController.swift in Sources */ = {isa = PBXBuildFile; fileRef = 9AE6225C2652763300246744 /* AboutAppViewController.swift */; };
		9AE622612652763E00246744 /* PrivacyButtonViewController.swift in Sources */ = {isa = PBXBuildFile; fileRef = 9AE6225F2652763E00246744 /* PrivacyButtonViewController.swift */; };
		9AE622622652763E00246744 /* PrivacyButtonViewController.xib in Resources */ = {isa = PBXBuildFile; fileRef = 9AE622602652763E00246744 /* PrivacyButtonViewController.xib */; };
/* End PBXBuildFile section */

/* Begin PBXCopyFilesBuildPhase section */
		9A2030CA265780B6003559E1 /* Embed Frameworks */ = {
			isa = PBXCopyFilesBuildPhase;
			buildActionMask = 2147483647;
			dstPath = "";
			dstSubfolderSpec = 10;
			files = (
				9A2030C9265780B6003559E1 /* QRBarcodeLib.framework in Embed Frameworks */,
			);
			name = "Embed Frameworks";
			runOnlyForDeploymentPostprocessing = 0;
		};
/* End PBXCopyFilesBuildPhase section */

/* Begin PBXFileReference section */
		244FA1ED26411AA800F02660 /* ContentTableViewCell.swift */ = {isa = PBXFileReference; lastKnownFileType = sourcecode.swift; path = ContentTableViewCell.swift; sourceTree = "<group>"; };
		244FA1EE26411AA800F02660 /* ContentTableViewCell.xib */ = {isa = PBXFileReference; lastKnownFileType = file.xib; path = ContentTableViewCell.xib; sourceTree = "<group>"; };
		248F05FB2636C8B80025D34B /* CameraView.swift */ = {isa = PBXFileReference; lastKnownFileType = sourcecode.swift; path = CameraView.swift; sourceTree = "<group>"; };
		24A647CA26365528002D2BC2 /* Code Search.app */ = {isa = PBXFileReference; explicitFileType = wrapper.application; includeInIndex = 0; path = "Code Search.app"; sourceTree = BUILT_PRODUCTS_DIR; };
		24A647CD26365528002D2BC2 /* AppDelegate.swift */ = {isa = PBXFileReference; lastKnownFileType = sourcecode.swift; path = AppDelegate.swift; sourceTree = "<group>"; };
		24A647D126365528002D2BC2 /* ViewController.swift */ = {isa = PBXFileReference; lastKnownFileType = sourcecode.swift; path = ViewController.swift; sourceTree = "<group>"; };
		24A647D426365528002D2BC2 /* Base */ = {isa = PBXFileReference; lastKnownFileType = file.storyboard; name = Base; path = Base.lproj/Main.storyboard; sourceTree = "<group>"; };
		24A647D626365529002D2BC2 /* Assets.xcassets */ = {isa = PBXFileReference; lastKnownFileType = folder.assetcatalog; path = Assets.xcassets; sourceTree = "<group>"; };
		24A647D926365529002D2BC2 /* Base */ = {isa = PBXFileReference; lastKnownFileType = file.storyboard; name = Base; path = Base.lproj/LaunchScreen.storyboard; sourceTree = "<group>"; };
		24A647DB26365529002D2BC2 /* Info.plist */ = {isa = PBXFileReference; lastKnownFileType = text.plist.xml; path = Info.plist; sourceTree = "<group>"; };
		6A8F07D727B850605FEB50CE /* Pods-Code Search.debug.xcconfig */ = {isa = PBXFileReference; includeInIndex = 1; lastKnownFileType = text.xcconfig; name = "Pods-Code Search.debug.xcconfig"; path = "Target Support Files/Pods-Code Search/Pods-Code Search.debug.xcconfig"; sourceTree = "<group>"; };
		7D2730445D985045DFF465C1 /* Pods_Code_Search.framework */ = {isa = PBXFileReference; explicitFileType = wrapper.framework; includeInIndex = 0; path = Pods_Code_Search.framework; sourceTree = BUILT_PRODUCTS_DIR; };
		99C9E7185429B22ADB8C1858 /* Pods-Code Search.release.xcconfig */ = {isa = PBXFileReference; includeInIndex = 1; lastKnownFileType = text.xcconfig; name = "Pods-Code Search.release.xcconfig"; path = "Target Support Files/Pods-Code Search/Pods-Code Search.release.xcconfig"; sourceTree = "<group>"; };
		9A2030D02657842E003559E1 /* BarcodeCoreData.xcdatamodel */ = {isa = PBXFileReference; lastKnownFileType = wrapper.xcdatamodel; path = BarcodeCoreData.xcdatamodel; sourceTree = "<group>"; };
		9A2030D226578460003559E1 /* BarcodeCoreDataHelper.swift */ = {isa = PBXFileReference; lastKnownFileType = sourcecode.swift; path = BarcodeCoreDataHelper.swift; sourceTree = "<group>"; };
		9A2030D426579B2C003559E1 /* BarcodeModel.swift */ = {isa = PBXFileReference; lastKnownFileType = sourcecode.swift; path = BarcodeModel.swift; sourceTree = "<group>"; };
		9A3904F42653A5FF00F7D338 /* MenuView.xib */ = {isa = PBXFileReference; fileEncoding = 4; lastKnownFileType = file.xib; path = MenuView.xib; sourceTree = "<group>"; };
		9A3904F52653A5FF00F7D338 /* MenuView.swift */ = {isa = PBXFileReference; fileEncoding = 4; lastKnownFileType = sourcecode.swift; path = MenuView.swift; sourceTree = "<group>"; };
		9A3904F82653BD1800F7D338 /* MenuViewController.xib */ = {isa = PBXFileReference; fileEncoding = 4; lastKnownFileType = file.xib; path = MenuViewController.xib; sourceTree = "<group>"; };
		9A3904F92653BD1800F7D338 /* MenuViewController.swift */ = {isa = PBXFileReference; fileEncoding = 4; lastKnownFileType = sourcecode.swift; path = MenuViewController.swift; sourceTree = "<group>"; };
		9AB97715265CC03B0037B01F /* CodeDetector.swift */ = {isa = PBXFileReference; lastKnownFileType = sourcecode.swift; path = CodeDetector.swift; sourceTree = "<group>"; };
		9AE6225526525A2F00246744 /* MainTabBarController.swift */ = {isa = PBXFileReference; fileEncoding = 4; lastKnownFileType = sourcecode.swift; path = MainTabBarController.swift; sourceTree = "<group>"; };
		9AE622572652714200246744 /* HistoryViewController.swift */ = {isa = PBXFileReference; fileEncoding = 4; lastKnownFileType = sourcecode.swift; path = HistoryViewController.swift; sourceTree = "<group>"; };
		9AE622592652714D00246744 /* ReadViewController.swift */ = {isa = PBXFileReference; fileEncoding = 4; lastKnownFileType = sourcecode.swift; path = ReadViewController.swift; sourceTree = "<group>"; };
		9AE6225B2652763300246744 /* AboutAppViewController.xib */ = {isa = PBXFileReference; fileEncoding = 4; lastKnownFileType = file.xib; path = AboutAppViewController.xib; sourceTree = "<group>"; };
		9AE6225C2652763300246744 /* AboutAppViewController.swift */ = {isa = PBXFileReference; fileEncoding = 4; lastKnownFileType = sourcecode.swift; path = AboutAppViewController.swift; sourceTree = "<group>"; };
		9AE6225F2652763E00246744 /* PrivacyButtonViewController.swift */ = {isa = PBXFileReference; fileEncoding = 4; lastKnownFileType = sourcecode.swift; path = PrivacyButtonViewController.swift; sourceTree = "<group>"; };
		9AE622602652763E00246744 /* PrivacyButtonViewController.xib */ = {isa = PBXFileReference; fileEncoding = 4; lastKnownFileType = file.xib; path = PrivacyButtonViewController.xib; sourceTree = "<group>"; };
		9AFEBB0726577D5F003B2D18 /* QRBarcodeLib.framework */ = {isa = PBXFileReference; lastKnownFileType = wrapper.framework; path = QRBarcodeLib.framework; sourceTree = "<group>"; };
/* End PBXFileReference section */

/* Begin PBXFrameworksBuildPhase section */
		24A647C726365528002D2BC2 /* Frameworks */ = {
			isa = PBXFrameworksBuildPhase;
			buildActionMask = 2147483647;
			files = (
				9A2030C8265780B6003559E1 /* QRBarcodeLib.framework in Frameworks */,
				225528ABF036F33A0FF2DB78 /* Pods_Code_Search.framework in Frameworks */,
			);
			runOnlyForDeploymentPostprocessing = 0;
		};
/* End PBXFrameworksBuildPhase section */

/* Begin PBXGroup section */
		24A647C126365528002D2BC2 = {
			isa = PBXGroup;
			children = (
				24A647CC26365528002D2BC2 /* Code Search */,
				24A647CB26365528002D2BC2 /* Products */,
				A1809D4AC04D0CE0B325C2E7 /* Pods */,
				B97B87DA2F331A240D6B124A /* Frameworks */,
			);
			sourceTree = "<group>";
		};
		24A647CB26365528002D2BC2 /* Products */ = {
			isa = PBXGroup;
			children = (
				24A647CA26365528002D2BC2 /* Code Search.app */,
			);
			name = Products;
			sourceTree = "<group>";
		};
		24A647CC26365528002D2BC2 /* Code Search */ = {
			isa = PBXGroup;
			children = (
				9AB97714265CC01C0037B01F /* Detector */,
				9A2030CE26578414003559E1 /* Data */,
				9AFEBB0626577D5F003B2D18 /* Library */,
				9AE6224F265259E300246744 /* UI */,
				24A647CD26365528002D2BC2 /* AppDelegate.swift */,
				24A647D126365528002D2BC2 /* ViewController.swift */,
				24A647D326365528002D2BC2 /* Main.storyboard */,
				24A647D626365529002D2BC2 /* Assets.xcassets */,
				24A647D826365529002D2BC2 /* LaunchScreen.storyboard */,
				24A647DB26365529002D2BC2 /* Info.plist */,
				248F05FB2636C8B80025D34B /* CameraView.swift */,
				244FA1ED26411AA800F02660 /* ContentTableViewCell.swift */,
				244FA1EE26411AA800F02660 /* ContentTableViewCell.xib */,
			);
			path = "Code Search";
			sourceTree = "<group>";
		};
		9A2030CE26578414003559E1 /* Data */ = {
			isa = PBXGroup;
			children = (
				9A2030CF2657842E003559E1 /* BarcodeCoreData.xcdatamodeld */,
				9A2030D226578460003559E1 /* BarcodeCoreDataHelper.swift */,
				9A2030D426579B2C003559E1 /* BarcodeModel.swift */,
			);
			path = Data;
			sourceTree = "<group>";
		};
		9A3904F32653A5FF00F7D338 /* Menu */ = {
			isa = PBXGroup;
			children = (
				9A3904F92653BD1800F7D338 /* MenuViewController.swift */,
				9A3904F82653BD1800F7D338 /* MenuViewController.xib */,
				9A3904F42653A5FF00F7D338 /* MenuView.xib */,
				9A3904F52653A5FF00F7D338 /* MenuView.swift */,
			);
			path = Menu;
			sourceTree = "<group>";
		};
		9AB97714265CC01C0037B01F /* Detector */ = {
			isa = PBXGroup;
			children = (
				9AB97715265CC03B0037B01F /* CodeDetector.swift */,
			);
			name = Detector;
			path = Feature/Detector;
			sourceTree = "<group>";
		};
		9AE6224F265259E300246744 /* UI */ = {
			isa = PBXGroup;
			children = (
				9AE62252265259E300246744 /* History */,
				9AE62250265259E300246744 /* About */,
				9AE62254265259E300246744 /* Help */,
				9AE62253265259E300246744 /* Main */,
				9A3904F32653A5FF00F7D338 /* Menu */,
				9AE62251265259E300246744 /* Search */,
			);
			path = UI;
			sourceTree = "<group>";
		};
		9AE62250265259E300246744 /* About */ = {
			isa = PBXGroup;
			children = (
				9AE6225C2652763300246744 /* AboutAppViewController.swift */,
				9AE6225B2652763300246744 /* AboutAppViewController.xib */,
			);
			path = About;
			sourceTree = "<group>";
		};
		9AE62251265259E300246744 /* Search */ = {
			isa = PBXGroup;
			children = (
				9AE622592652714D00246744 /* ReadViewController.swift */,
			);
			path = Search;
			sourceTree = "<group>";
		};
		9AE62252265259E300246744 /* History */ = {
			isa = PBXGroup;
			children = (
				9AE622572652714200246744 /* HistoryViewController.swift */,
			);
			path = History;
			sourceTree = "<group>";
		};
		9AE62253265259E300246744 /* Main */ = {
			isa = PBXGroup;
			children = (
				9AE6225526525A2F00246744 /* MainTabBarController.swift */,
			);
			path = Main;
			sourceTree = "<group>";
		};
		9AE62254265259E300246744 /* Help */ = {
			isa = PBXGroup;
			children = (
				9AE6225F2652763E00246744 /* PrivacyButtonViewController.swift */,
				9AE622602652763E00246744 /* PrivacyButtonViewController.xib */,
			);
			path = Help;
			sourceTree = "<group>";
		};
		9AFEBB0626577D5F003B2D18 /* Library */ = {
			isa = PBXGroup;
			children = (
				9AFEBB0726577D5F003B2D18 /* QRBarcodeLib.framework */,
			);
			path = Library;
			sourceTree = "<group>";
		};
		A1809D4AC04D0CE0B325C2E7 /* Pods */ = {
			isa = PBXGroup;
			children = (
				6A8F07D727B850605FEB50CE /* Pods-Code Search.debug.xcconfig */,
				99C9E7185429B22ADB8C1858 /* Pods-Code Search.release.xcconfig */,
			);
			path = Pods;
			sourceTree = "<group>";
		};
		B97B87DA2F331A240D6B124A /* Frameworks */ = {
			isa = PBXGroup;
			children = (
				7D2730445D985045DFF465C1 /* Pods_Code_Search.framework */,
			);
			name = Frameworks;
			sourceTree = "<group>";
		};
/* End PBXGroup section */

/* Begin PBXNativeTarget section */
		24A647C926365528002D2BC2 /* Code Search */ = {
			isa = PBXNativeTarget;
			buildConfigurationList = 24A647DE26365529002D2BC2 /* Build configuration list for PBXNativeTarget "Code Search" */;
			buildPhases = (
				E8A0BDFA56393C68C8E6474F /* [CP] Check Pods Manifest.lock */,
				24A647C626365528002D2BC2 /* Sources */,
				24A647C726365528002D2BC2 /* Frameworks */,
				24A647C826365528002D2BC2 /* Resources */,
				EFEAA3E346716A65088009A8 /* [CP] Embed Pods Frameworks */,
				9A2030CA265780B6003559E1 /* Embed Frameworks */,
			);
			buildRules = (
			);
			dependencies = (
			);
			name = "Code Search";
			productName = "Code Search";
			productReference = 24A647CA26365528002D2BC2 /* Code Search.app */;
			productType = "com.apple.product-type.application";
		};
/* End PBXNativeTarget section */

/* Begin PBXProject section */
		24A647C226365528002D2BC2 /* Project object */ = {
			isa = PBXProject;
			attributes = {
				LastSwiftUpdateCheck = 1240;
				LastUpgradeCheck = 1240;
				TargetAttributes = {
					24A647C926365528002D2BC2 = {
						CreatedOnToolsVersion = 12.4;
					};
				};
			};
			buildConfigurationList = 24A647C526365528002D2BC2 /* Build configuration list for PBXProject "Code Search" */;
			compatibilityVersion = "Xcode 9.3";
			developmentRegion = en;
			hasScannedForEncodings = 0;
			knownRegions = (
				en,
				Base,
			);
			mainGroup = 24A647C126365528002D2BC2;
			productRefGroup = 24A647CB26365528002D2BC2 /* Products */;
			projectDirPath = "";
			projectRoot = "";
			targets = (
				24A647C926365528002D2BC2 /* Code Search */,
			);
		};
/* End PBXProject section */

/* Begin PBXResourcesBuildPhase section */
		24A647C826365528002D2BC2 /* Resources */ = {
			isa = PBXResourcesBuildPhase;
			buildActionMask = 2147483647;
			files = (
				24A647DA26365529002D2BC2 /* LaunchScreen.storyboard in Resources */,
				9AE622622652763E00246744 /* PrivacyButtonViewController.xib in Resources */,
				24A647D726365529002D2BC2 /* Assets.xcassets in Resources */,
				9A3904FA2653BD1800F7D338 /* MenuViewController.xib in Resources */,
				9A3904F62653A5FF00F7D338 /* MenuView.xib in Resources */,
				244FA1F026411AA800F02660 /* ContentTableViewCell.xib in Resources */,
				9AE6225D2652763400246744 /* AboutAppViewController.xib in Resources */,
				24A647D526365528002D2BC2 /* Main.storyboard in Resources */,
			);
			runOnlyForDeploymentPostprocessing = 0;
		};
/* End PBXResourcesBuildPhase section */

/* Begin PBXShellScriptBuildPhase section */
		E8A0BDFA56393C68C8E6474F /* [CP] Check Pods Manifest.lock */ = {
			isa = PBXShellScriptBuildPhase;
			buildActionMask = 2147483647;
			files = (
			);
			inputFileListPaths = (
			);
			inputPaths = (
				"${PODS_PODFILE_DIR_PATH}/Podfile.lock",
				"${PODS_ROOT}/Manifest.lock",
			);
			name = "[CP] Check Pods Manifest.lock";
			outputFileListPaths = (
			);
			outputPaths = (
				"$(DERIVED_FILE_DIR)/Pods-Code Search-checkManifestLockResult.txt",
			);
			runOnlyForDeploymentPostprocessing = 0;
			shellPath = /bin/sh;
			shellScript = "diff \"${PODS_PODFILE_DIR_PATH}/Podfile.lock\" \"${PODS_ROOT}/Manifest.lock\" > /dev/null\nif [ $? != 0 ] ; then\n    # print error to STDERR\n    echo \"error: The sandbox is not in sync with the Podfile.lock. Run 'pod install' or update your CocoaPods installation.\" >&2\n    exit 1\nfi\n# This output is used by Xcode 'outputs' to avoid re-running this script phase.\necho \"SUCCESS\" > \"${SCRIPT_OUTPUT_FILE_0}\"\n";
			showEnvVarsInLog = 0;
		};
		EFEAA3E346716A65088009A8 /* [CP] Embed Pods Frameworks */ = {
			isa = PBXShellScriptBuildPhase;
			buildActionMask = 2147483647;
			files = (
			);
			inputFileListPaths = (
				"${PODS_ROOT}/Target Support Files/Pods-Code Search/Pods-Code Search-frameworks-${CONFIGURATION}-input-files.xcfilelist",
			);
			name = "[CP] Embed Pods Frameworks";
			outputFileListPaths = (
				"${PODS_ROOT}/Target Support Files/Pods-Code Search/Pods-Code Search-frameworks-${CONFIGURATION}-output-files.xcfilelist",
			);
			runOnlyForDeploymentPostprocessing = 0;
			shellPath = /bin/sh;
			shellScript = "\"${PODS_ROOT}/Target Support Files/Pods-Code Search/Pods-Code Search-frameworks.sh\"\n";
			showEnvVarsInLog = 0;
		};
/* End PBXShellScriptBuildPhase section */

/* Begin PBXSourcesBuildPhase section */
		24A647C626365528002D2BC2 /* Sources */ = {
			isa = PBXSourcesBuildPhase;
			buildActionMask = 2147483647;
			files = (
				9AB97716265CC03B0037B01F /* CodeDetector.swift in Sources */,
				9AE6225E2652763400246744 /* AboutAppViewController.swift in Sources */,
				9A3904F72653A5FF00F7D338 /* MenuView.swift in Sources */,
				24A647D226365528002D2BC2 /* ViewController.swift in Sources */,
				9AE622612652763E00246744 /* PrivacyButtonViewController.swift in Sources */,
				9A2030D526579B2C003559E1 /* BarcodeModel.swift in Sources */,
				9A3904FB2653BD1800F7D338 /* MenuViewController.swift in Sources */,
				9AE6225626525A2F00246744 /* MainTabBarController.swift in Sources */,
				9A2030D12657842E003559E1 /* BarcodeCoreData.xcdatamodeld in Sources */,
				24A647CE26365528002D2BC2 /* AppDelegate.swift in Sources */,
				9A2030D326578460003559E1 /* BarcodeCoreDataHelper.swift in Sources */,
				9AE622582652714200246744 /* HistoryViewController.swift in Sources */,
				248F05FC2636C8B80025D34B /* CameraView.swift in Sources */,
				9AE6225A2652714D00246744 /* ReadViewController.swift in Sources */,
				244FA1EF26411AA800F02660 /* ContentTableViewCell.swift in Sources */,
			);
			runOnlyForDeploymentPostprocessing = 0;
		};
/* End PBXSourcesBuildPhase section */

/* Begin PBXVariantGroup section */
		24A647D326365528002D2BC2 /* Main.storyboard */ = {
			isa = PBXVariantGroup;
			children = (
				24A647D426365528002D2BC2 /* Base */,
			);
			name = Main.storyboard;
			sourceTree = "<group>";
		};
		24A647D826365529002D2BC2 /* LaunchScreen.storyboard */ = {
			isa = PBXVariantGroup;
			children = (
				24A647D926365529002D2BC2 /* Base */,
			);
			name = LaunchScreen.storyboard;
			sourceTree = "<group>";
		};
/* End PBXVariantGroup section */

/* Begin XCBuildConfiguration section */
		24A647DC26365529002D2BC2 /* Debug */ = {
			isa = XCBuildConfiguration;
			buildSettings = {
				ALWAYS_SEARCH_USER_PATHS = NO;
				CLANG_ANALYZER_NONNULL = YES;
				CLANG_ANALYZER_NUMBER_OBJECT_CONVERSION = YES_AGGRESSIVE;
				CLANG_CXX_LANGUAGE_STANDARD = "gnu++14";
				CLANG_CXX_LIBRARY = "libc++";
				CLANG_ENABLE_MODULES = YES;
				CLANG_ENABLE_OBJC_ARC = YES;
				CLANG_ENABLE_OBJC_WEAK = YES;
				CLANG_WARN_BLOCK_CAPTURE_AUTORELEASING = YES;
				CLANG_WARN_BOOL_CONVERSION = YES;
				CLANG_WARN_COMMA = YES;
				CLANG_WARN_CONSTANT_CONVERSION = YES;
				CLANG_WARN_DEPRECATED_OBJC_IMPLEMENTATIONS = YES;
				CLANG_WARN_DIRECT_OBJC_ISA_USAGE = YES_ERROR;
				CLANG_WARN_DOCUMENTATION_COMMENTS = YES;
				CLANG_WARN_EMPTY_BODY = YES;
				CLANG_WARN_ENUM_CONVERSION = YES;
				CLANG_WARN_INFINITE_RECURSION = YES;
				CLANG_WARN_INT_CONVERSION = YES;
				CLANG_WARN_NON_LITERAL_NULL_CONVERSION = YES;
				CLANG_WARN_OBJC_IMPLICIT_RETAIN_SELF = YES;
				CLANG_WARN_OBJC_LITERAL_CONVERSION = YES;
				CLANG_WARN_OBJC_ROOT_CLASS = YES_ERROR;
				CLANG_WARN_QUOTED_INCLUDE_IN_FRAMEWORK_HEADER = YES;
				CLANG_WARN_RANGE_LOOP_ANALYSIS = YES;
				CLANG_WARN_STRICT_PROTOTYPES = YES;
				CLANG_WARN_SUSPICIOUS_MOVE = YES;
				CLANG_WARN_UNGUARDED_AVAILABILITY = YES_AGGRESSIVE;
				CLANG_WARN_UNREACHABLE_CODE = YES;
				CLANG_WARN__DUPLICATE_METHOD_MATCH = YES;
				COPY_PHASE_STRIP = NO;
				DEBUG_INFORMATION_FORMAT = dwarf;
				ENABLE_STRICT_OBJC_MSGSEND = YES;
				ENABLE_TESTABILITY = YES;
				GCC_C_LANGUAGE_STANDARD = gnu11;
				GCC_DYNAMIC_NO_PIC = NO;
				GCC_NO_COMMON_BLOCKS = YES;
				GCC_OPTIMIZATION_LEVEL = 0;
				GCC_PREPROCESSOR_DEFINITIONS = (
					"DEBUG=1",
					"$(inherited)",
				);
				GCC_WARN_64_TO_32_BIT_CONVERSION = YES;
				GCC_WARN_ABOUT_RETURN_TYPE = YES_ERROR;
				GCC_WARN_UNDECLARED_SELECTOR = YES;
				GCC_WARN_UNINITIALIZED_AUTOS = YES_AGGRESSIVE;
				GCC_WARN_UNUSED_FUNCTION = YES;
				GCC_WARN_UNUSED_VARIABLE = YES;
				IPHONEOS_DEPLOYMENT_TARGET = 13.2;
				MTL_ENABLE_DEBUG_INFO = INCLUDE_SOURCE;
				MTL_FAST_MATH = YES;
				ONLY_ACTIVE_ARCH = YES;
				SDKROOT = iphoneos;
				SWIFT_ACTIVE_COMPILATION_CONDITIONS = DEBUG;
				SWIFT_OPTIMIZATION_LEVEL = "-Onone";
			};
			name = Debug;
		};
		24A647DD26365529002D2BC2 /* Release */ = {
			isa = XCBuildConfiguration;
			buildSettings = {
				ALWAYS_SEARCH_USER_PATHS = NO;
				CLANG_ANALYZER_NONNULL = YES;
				CLANG_ANALYZER_NUMBER_OBJECT_CONVERSION = YES_AGGRESSIVE;
				CLANG_CXX_LANGUAGE_STANDARD = "gnu++14";
				CLANG_CXX_LIBRARY = "libc++";
				CLANG_ENABLE_MODULES = YES;
				CLANG_ENABLE_OBJC_ARC = YES;
				CLANG_ENABLE_OBJC_WEAK = YES;
				CLANG_WARN_BLOCK_CAPTURE_AUTORELEASING = YES;
				CLANG_WARN_BOOL_CONVERSION = YES;
				CLANG_WARN_COMMA = YES;
				CLANG_WARN_CONSTANT_CONVERSION = YES;
				CLANG_WARN_DEPRECATED_OBJC_IMPLEMENTATIONS = YES;
				CLANG_WARN_DIRECT_OBJC_ISA_USAGE = YES_ERROR;
				CLANG_WARN_DOCUMENTATION_COMMENTS = YES;
				CLANG_WARN_EMPTY_BODY = YES;
				CLANG_WARN_ENUM_CONVERSION = YES;
				CLANG_WARN_INFINITE_RECURSION = YES;
				CLANG_WARN_INT_CONVERSION = YES;
				CLANG_WARN_NON_LITERAL_NULL_CONVERSION = YES;
				CLANG_WARN_OBJC_IMPLICIT_RETAIN_SELF = YES;
				CLANG_WARN_OBJC_LITERAL_CONVERSION = YES;
				CLANG_WARN_OBJC_ROOT_CLASS = YES_ERROR;
				CLANG_WARN_QUOTED_INCLUDE_IN_FRAMEWORK_HEADER = YES;
				CLANG_WARN_RANGE_LOOP_ANALYSIS = YES;
				CLANG_WARN_STRICT_PROTOTYPES = YES;
				CLANG_WARN_SUSPICIOUS_MOVE = YES;
				CLANG_WARN_UNGUARDED_AVAILABILITY = YES_AGGRESSIVE;
				CLANG_WARN_UNREACHABLE_CODE = YES;
				CLANG_WARN__DUPLICATE_METHOD_MATCH = YES;
				COPY_PHASE_STRIP = NO;
				DEBUG_INFORMATION_FORMAT = "dwarf-with-dsym";
				ENABLE_NS_ASSERTIONS = NO;
				ENABLE_STRICT_OBJC_MSGSEND = YES;
				GCC_C_LANGUAGE_STANDARD = gnu11;
				GCC_NO_COMMON_BLOCKS = YES;
				GCC_WARN_64_TO_32_BIT_CONVERSION = YES;
				GCC_WARN_ABOUT_RETURN_TYPE = YES_ERROR;
				GCC_WARN_UNDECLARED_SELECTOR = YES;
				GCC_WARN_UNINITIALIZED_AUTOS = YES_AGGRESSIVE;
				GCC_WARN_UNUSED_FUNCTION = YES;
				GCC_WARN_UNUSED_VARIABLE = YES;
				IPHONEOS_DEPLOYMENT_TARGET = 13.2;
				MTL_ENABLE_DEBUG_INFO = NO;
				MTL_FAST_MATH = YES;
				SDKROOT = iphoneos;
				SWIFT_COMPILATION_MODE = wholemodule;
				SWIFT_OPTIMIZATION_LEVEL = "-O";
				VALIDATE_PRODUCT = YES;
			};
			name = Release;
		};
		24A647DF26365529002D2BC2 /* Debug */ = {
			isa = XCBuildConfiguration;
			baseConfigurationReference = 6A8F07D727B850605FEB50CE /* Pods-Code Search.debug.xcconfig */;
			buildSettings = {
				ASSETCATALOG_COMPILER_APPICON_NAME = AppIcon;
				ASSETCATALOG_COMPILER_GLOBAL_ACCENT_COLOR_NAME = AccentColor;
				CODE_SIGN_IDENTITY = "Apple Development";
				CODE_SIGN_STYLE = Automatic;
				CURRENT_PROJECT_VERSION = 2;
				DEVELOPMENT_TEAM = 2UW6JF6J7M;
				ENABLE_BITCODE = NO;
				FRAMEWORK_SEARCH_PATHS = (
					"$(inherited)",
					"$(PROJECT_DIR)/Code\\ Search/Library",
					"$(PROJECT_DIR)/Code\\ Search",
					"$(PROJECT_DIR)/Code\\ Search/Library",
					"$(PROJECT_DIR)/Code\\ Search/Library",
				);
				INFOPLIST_FILE = "Code Search/Info.plist";
				IPHONEOS_DEPLOYMENT_TARGET = 13.2;
				LD_RUNPATH_SEARCH_PATHS = (
					"$(inherited)",
					"@executable_path/Frameworks",
				);
				MARKETING_VERSION = 1.0.1;
				PRODUCT_BUNDLE_IDENTIFIER = jp.co.nsw.codesearch.dev.drtruong;
				PRODUCT_NAME = "$(TARGET_NAME)";
				PROVISIONING_PROFILE_SPECIFIER = "";
				SWIFT_VERSION = 5.0;
				TARGETED_DEVICE_FAMILY = "1,2";
			};
			name = Debug;
		};
		24A647E026365529002D2BC2 /* Release */ = {
			isa = XCBuildConfiguration;
			baseConfigurationReference = 99C9E7185429B22ADB8C1858 /* Pods-Code Search.release.xcconfig */;
			buildSettings = {
				ASSETCATALOG_COMPILER_APPICON_NAME = AppIcon;
				ASSETCATALOG_COMPILER_GLOBAL_ACCENT_COLOR_NAME = AccentColor;
				CODE_SIGN_IDENTITY = "Apple Development";
				CODE_SIGN_STYLE = Automatic;
				CURRENT_PROJECT_VERSION = 2;
				DEVELOPMENT_TEAM = 2UW6JF6J7M;
				ENABLE_BITCODE = NO;
				FRAMEWORK_SEARCH_PATHS = (
					"$(inherited)",
					"$(PROJECT_DIR)/Code\\ Search/Library",
					"$(PROJECT_DIR)/Code\\ Search",
					"$(PROJECT_DIR)/Code\\ Search/Library",
					"$(PROJECT_DIR)/Code\\ Search/Library",
				);
				INFOPLIST_FILE = "Code Search/Info.plist";
				IPHONEOS_DEPLOYMENT_TARGET = 13.2;
				LD_RUNPATH_SEARCH_PATHS = (
					"$(inherited)",
					"@executable_path/Frameworks",
				);
				MARKETING_VERSION = 1.0.1;
				PRODUCT_BUNDLE_IDENTIFIER = jp.co.nsw.codesearch.dev.drtruong;
				PRODUCT_NAME = "$(TARGET_NAME)";
				PROVISIONING_PROFILE_SPECIFIER = "";
				SWIFT_VERSION = 5.0;
				TARGETED_DEVICE_FAMILY = "1,2";
			};
			name = Release;
		};
/* End XCBuildConfiguration section */

/* Begin XCConfigurationList section */
		24A647C526365528002D2BC2 /* Build configuration list for PBXProject "Code Search" */ = {
			isa = XCConfigurationList;
			buildConfigurations = (
				24A647DC26365529002D2BC2 /* Debug */,
				24A647DD26365529002D2BC2 /* Release */,
			);
			defaultConfigurationIsVisible = 0;
			defaultConfigurationName = Release;
		};
		24A647DE26365529002D2BC2 /* Build configuration list for PBXNativeTarget "Code Search" */ = {
			isa = XCConfigurationList;
			buildConfigurations = (
				24A647DF26365529002D2BC2 /* Debug */,
				24A647E026365529002D2BC2 /* Release */,
			);
			defaultConfigurationIsVisible = 0;
			defaultConfigurationName = Release;
		};
/* End XCConfigurationList section */

/* Begin XCVersionGroup section */
		9A2030CF2657842E003559E1 /* BarcodeCoreData.xcdatamodeld */ = {
			isa = XCVersionGroup;
			children = (
				9A2030D02657842E003559E1 /* BarcodeCoreData.xcdatamodel */,
			);
			currentVersion = 9A2030D02657842E003559E1 /* BarcodeCoreData.xcdatamodel */;
			path = BarcodeCoreData.xcdatamodeld;
			sourceTree = "<group>";
			versionGroupType = wrapper.xcdatamodel;
		};
/* End XCVersionGroup section */
	};
	rootObject = 24A647C226365528002D2BC2 /* Project object */;
}
